
Microsoft Visual Studio Solution File, Format Version 12.00
# Visual Studio Version 17
VisualStudioVersion = 17.0.32112.339
MinimumVisualStudioVersion = 10.0.40219.1
Project("{2150E333-8FDC-42A3-9474-1A3956D46DE8}") = "Services", "Services", "{B8C69571-E270-4483-B94F-94525049A478}"
EndProject
Project("{2150E333-8FDC-42A3-9474-1A3956D46DE8}") = "Catalog", "Catalog", "{704C035A-DAE8-4BC1-B230-70EDA697235F}"
EndProject
Project("{9A19103F-16F7-4668-BE54-9A1E7A4F7556}") = "FreeCourse.Services.Catalog", "Services\Catalog\FreeCourse.Services.Catalog\FreeCourse.Services.Catalog.csproj", "{C0D2C569-8B22-45E8-B9E6-FEB5483811EC}"
EndProject
Project("{2150E333-8FDC-42A3-9474-1A3956D46DE8}") = "Solution Items", "Solution Items", "{DD3267E5-CA8F-47DA-A9CB-25279FBE51F9}"
	ProjectSection(SolutionItems) = preProject
		Port.txt = Port.txt
	EndProjectSection
EndProject
Project("{2150E333-8FDC-42A3-9474-1A3956D46DE8}") = "Shared", "Shared", "{DBDAE9D1-93F5-48A9-81EF-D6F080A3D52D}"
EndProject
Project("{9A19103F-16F7-4668-BE54-9A1E7A4F7556}") = "FreeCourse.Shared", "Shared\FreeCourse.Shared\FreeCourse.Shared.csproj", "{E929DE8F-6BA2-44BF-9DEB-7E2CC4723023}"
EndProject
Project("{2150E333-8FDC-42A3-9474-1A3956D46DE8}") = "IdentityServer", "IdentityServer", "{A2F7CD26-68F5-4191-8994-04AA530E42E3}"
EndProject
Project("{9A19103F-16F7-4668-BE54-9A1E7A4F7556}") = "FreeCourse.IdentityServer", "IdentityServer\FreeCourse.IdentityServer\FreeCourse.IdentityServer.csproj", "{6E08FC6A-30EC-4FB0-AD9A-9A536273E5D2}"
EndProject
Project("{2150E333-8FDC-42A3-9474-1A3956D46DE8}") = "PhotoStock", "PhotoStock", "{9E6C4093-5916-49AE-A4F2-2D6BC6068876}"
EndProject
Project("{9A19103F-16F7-4668-BE54-9A1E7A4F7556}") = "FreeCourse.Services.PhotoStock", "Services\PhotoStock\FreeCourse.Services.PhotoStock\FreeCourse.Services.PhotoStock.csproj", "{978DC34E-B281-4442-8E75-833F93A55807}"
EndProject
Project("{2150E333-8FDC-42A3-9474-1A3956D46DE8}") = "Basket", "Basket", "{83E762A5-00D1-4000-8F57-0DE59392D733}"
EndProject
Project("{9A19103F-16F7-4668-BE54-9A1E7A4F7556}") = "FreeCourse.Services.Basket", "Services\Basket\FreeCourse.Services.Basket\FreeCourse.Services.Basket.csproj", "{07CDF624-C64A-4847-AD65-45066FD958E4}"
EndProject
Project("{2150E333-8FDC-42A3-9474-1A3956D46DE8}") = "Discount", "Discount", "{E58557A8-EE37-4684-9EF3-A6DD857A0CD6}"
EndProject
Project("{9A19103F-16F7-4668-BE54-9A1E7A4F7556}") = "FreeCourse.Services.Discount", "Services\Discount\FreeCourse.Services.Discount\FreeCourse.Services.Discount.csproj", "{44DA5D6E-230E-4480-B862-0D6DAA9AD10C}"
EndProject
Project("{2150E333-8FDC-42A3-9474-1A3956D46DE8}") = "Order", "Order", "{058E723A-7AA5-429E-9A21-CF9E3135FCE8}"
EndProject
Project("{9A19103F-16F7-4668-BE54-9A1E7A4F7556}") = "FreeCourse.Services.Order.API", "Services\Order\FreeCourse.Services.OrderAPI\FreeCourse.Services.Order.API.csproj", "{85366FFC-5D37-43DA-ADB2-B3063F954486}"
EndProject
Project("{9A19103F-16F7-4668-BE54-9A1E7A4F7556}") = "FreeCourse.Services.Order.Application", "Services\Order\FreeCourse.Services.Order.Application\FreeCourse.Services.Order.Application.csproj", "{7F6A63FC-F8C3-43EE-92F3-702F44BE0B56}"
EndProject
Project("{9A19103F-16F7-4668-BE54-9A1E7A4F7556}") = "FreeCourse.Services.Order.Domain", "Services\Order\FreeCourse.Services.Order.Domain\FreeCourse.Services.Order.Domain.csproj", "{773B89C6-8AC3-47F2-B56E-42DF6D13C78D}"
EndProject
Project("{9A19103F-16F7-4668-BE54-9A1E7A4F7556}") = "FreeCourse.Services.Order.Domain.Core", "Services\Order\FreeCourse.Services.Order.Domain.Core\FreeCourse.Services.Order.Domain.Core.csproj", "{C43FAD57-8248-45F1-975F-6A8C59ED423F}"
EndProject
Project("{9A19103F-16F7-4668-BE54-9A1E7A4F7556}") = "FreeCourse.Services.Order.Infrastructure", "Services\Order\FreeCourse.Services.Order.Infrastructure\FreeCourse.Services.Order.Infrastructure.csproj", "{B2086093-ACDA-4D7C-9B15-7BAE34152A25}"
EndProject
Project("{2150E333-8FDC-42A3-9474-1A3956D46DE8}") = "FakePayment", "FakePayment", "{348604D6-94B9-4CDB-AA61-C632DBD724AE}"
EndProject
Project("{9A19103F-16F7-4668-BE54-9A1E7A4F7556}") = "FreeCourse.Services.FakePayment", "Services\FakePayment\FreeCourse.Services.FakePayment\FreeCourse.Services.FakePayment.csproj", "{3A46BE29-1148-4542-A86F-8DB427CF9F80}"
EndProject
Project("{2150E333-8FDC-42A3-9474-1A3956D46DE8}") = "Gateways", "Gateways", "{8B08760B-9759-4F24-A3B6-D09C69EF16E8}"
EndProject
Project("{FAE04EC0-301F-11D3-BF4B-00C04F79EFBC}") = "FreeCourse.Gateway", "Gateways\FreeCourse.Gateway\FreeCourse.Gateway.csproj", "{250E5D96-4E89-43BE-BA4F-D162F8364A2B}"
EndProject
Project("{2150E333-8FDC-42A3-9474-1A3956D46DE8}") = "Frontends", "Frontends", "{FAF82510-6D21-4B9E-A770-97516CB8DD9B}"
EndProject
Project("{FAE04EC0-301F-11D3-BF4B-00C04F79EFBC}") = "FreeCourse.Web", "Frontends\FreeCourse.Web\FreeCourse.Web.csproj", "{F1BE3EE7-3DD7-446F-8154-E72F051689DE}"
EndProject
Global
	GlobalSection(SolutionConfigurationPlatforms) = preSolution
		Debug|Any CPU = Debug|Any CPU
		Release|Any CPU = Release|Any CPU
	EndGlobalSection
	GlobalSection(ProjectConfigurationPlatforms) = postSolution
		{C0D2C569-8B22-45E8-B9E6-FEB5483811EC}.Debug|Any CPU.ActiveCfg = Debug|Any CPU
		{C0D2C569-8B22-45E8-B9E6-FEB5483811EC}.Debug|Any CPU.Build.0 = Debug|Any CPU
		{C0D2C569-8B22-45E8-B9E6-FEB5483811EC}.Release|Any CPU.ActiveCfg = Release|Any CPU
		{C0D2C569-8B22-45E8-B9E6-FEB5483811EC}.Release|Any CPU.Build.0 = Release|Any CPU
		{E929DE8F-6BA2-44BF-9DEB-7E2CC4723023}.Debug|Any CPU.ActiveCfg = Debug|Any CPU
		{E929DE8F-6BA2-44BF-9DEB-7E2CC4723023}.Debug|Any CPU.Build.0 = Debug|Any CPU
		{E929DE8F-6BA2-44BF-9DEB-7E2CC4723023}.Release|Any CPU.ActiveCfg = Release|Any CPU
		{E929DE8F-6BA2-44BF-9DEB-7E2CC4723023}.Release|Any CPU.Build.0 = Release|Any CPU
		{6E08FC6A-30EC-4FB0-AD9A-9A536273E5D2}.Debug|Any CPU.ActiveCfg = Debug|Any CPU
		{6E08FC6A-30EC-4FB0-AD9A-9A536273E5D2}.Debug|Any CPU.Build.0 = Debug|Any CPU
		{6E08FC6A-30EC-4FB0-AD9A-9A536273E5D2}.Release|Any CPU.ActiveCfg = Release|Any CPU
		{6E08FC6A-30EC-4FB0-AD9A-9A536273E5D2}.Release|Any CPU.Build.0 = Release|Any CPU
		{978DC34E-B281-4442-8E75-833F93A55807}.Debug|Any CPU.ActiveCfg = Debug|Any CPU
		{978DC34E-B281-4442-8E75-833F93A55807}.Debug|Any CPU.Build.0 = Debug|Any CPU
		{978DC34E-B281-4442-8E75-833F93A55807}.Release|Any CPU.ActiveCfg = Release|Any CPU
		{978DC34E-B281-4442-8E75-833F93A55807}.Release|Any CPU.Build.0 = Release|Any CPU
		{07CDF624-C64A-4847-AD65-45066FD958E4}.Debug|Any CPU.ActiveCfg = Debug|Any CPU
		{07CDF624-C64A-4847-AD65-45066FD958E4}.Debug|Any CPU.Build.0 = Debug|Any CPU
		{07CDF624-C64A-4847-AD65-45066FD958E4}.Release|Any CPU.ActiveCfg = Release|Any CPU
		{07CDF624-C64A-4847-AD65-45066FD958E4}.Release|Any CPU.Build.0 = Release|Any CPU
		{44DA5D6E-230E-4480-B862-0D6DAA9AD10C}.Debug|Any CPU.ActiveCfg = Debug|Any CPU
		{44DA5D6E-230E-4480-B862-0D6DAA9AD10C}.Debug|Any CPU.Build.0 = Debug|Any CPU
		{44DA5D6E-230E-4480-B862-0D6DAA9AD10C}.Release|Any CPU.ActiveCfg = Release|Any CPU
		{44DA5D6E-230E-4480-B862-0D6DAA9AD10C}.Release|Any CPU.Build.0 = Release|Any CPU
		{85366FFC-5D37-43DA-ADB2-B3063F954486}.Debug|Any CPU.ActiveCfg = Debug|Any CPU
		{85366FFC-5D37-43DA-ADB2-B3063F954486}.Debug|Any CPU.Build.0 = Debug|Any CPU
		{85366FFC-5D37-43DA-ADB2-B3063F954486}.Release|Any CPU.ActiveCfg = Release|Any CPU
		{85366FFC-5D37-43DA-ADB2-B3063F954486}.Release|Any CPU.Build.0 = Release|Any CPU
		{7F6A63FC-F8C3-43EE-92F3-702F44BE0B56}.Debug|Any CPU.ActiveCfg = Debug|Any CPU
		{7F6A63FC-F8C3-43EE-92F3-702F44BE0B56}.Debug|Any CPU.Build.0 = Debug|Any CPU
		{7F6A63FC-F8C3-43EE-92F3-702F44BE0B56}.Release|Any CPU.ActiveCfg = Release|Any CPU
		{7F6A63FC-F8C3-43EE-92F3-702F44BE0B56}.Release|Any CPU.Build.0 = Release|Any CPU
		{773B89C6-8AC3-47F2-B56E-42DF6D13C78D}.Debug|Any CPU.ActiveCfg = Debug|Any CPU
		{773B89C6-8AC3-47F2-B56E-42DF6D13C78D}.Debug|Any CPU.Build.0 = Debug|Any CPU
		{773B89C6-8AC3-47F2-B56E-42DF6D13C78D}.Release|Any CPU.ActiveCfg = Release|Any CPU
		{773B89C6-8AC3-47F2-B56E-42DF6D13C78D}.Release|Any CPU.Build.0 = Release|Any CPU
		{C43FAD57-8248-45F1-975F-6A8C59ED423F}.Debug|Any CPU.ActiveCfg = Debug|Any CPU
		{C43FAD57-8248-45F1-975F-6A8C59ED423F}.Debug|Any CPU.Build.0 = Debug|Any CPU
		{C43FAD57-8248-45F1-975F-6A8C59ED423F}.Release|Any CPU.ActiveCfg = Release|Any CPU
		{C43FAD57-8248-45F1-975F-6A8C59ED423F}.Release|Any CPU.Build.0 = Release|Any CPU
		{B2086093-ACDA-4D7C-9B15-7BAE34152A25}.Debug|Any CPU.ActiveCfg = Debug|Any CPU
		{B2086093-ACDA-4D7C-9B15-7BAE34152A25}.Debug|Any CPU.Build.0 = Debug|Any CPU
		{B2086093-ACDA-4D7C-9B15-7BAE34152A25}.Release|Any CPU.ActiveCfg = Release|Any CPU
		{B2086093-ACDA-4D7C-9B15-7BAE34152A25}.Release|Any CPU.Build.0 = Release|Any CPU
		{3A46BE29-1148-4542-A86F-8DB427CF9F80}.Debug|Any CPU.ActiveCfg = Debug|Any CPU
		{3A46BE29-1148-4542-A86F-8DB427CF9F80}.Debug|Any CPU.Build.0 = Debug|Any CPU
		{3A46BE29-1148-4542-A86F-8DB427CF9F80}.Release|Any CPU.ActiveCfg = Release|Any CPU
		{3A46BE29-1148-4542-A86F-8DB427CF9F80}.Release|Any CPU.Build.0 = Release|Any CPU
		{250E5D96-4E89-43BE-BA4F-D162F8364A2B}.Debug|Any CPU.ActiveCfg = Debug|Any CPU
		{250E5D96-4E89-43BE-BA4F-D162F8364A2B}.Debug|Any CPU.Build.0 = Debug|Any CPU
		{250E5D96-4E89-43BE-BA4F-D162F8364A2B}.Release|Any CPU.ActiveCfg = Release|Any CPU
		{250E5D96-4E89-43BE-BA4F-D162F8364A2B}.Release|Any CPU.Build.0 = Release|Any CPU
		{F1BE3EE7-3DD7-446F-8154-E72F051689DE}.Debug|Any CPU.ActiveCfg = Debug|Any CPU
		{F1BE3EE7-3DD7-446F-8154-E72F051689DE}.Debug|Any CPU.Build.0 = Debug|Any CPU
		{F1BE3EE7-3DD7-446F-8154-E72F051689DE}.Release|Any CPU.ActiveCfg = Release|Any CPU
		{F1BE3EE7-3DD7-446F-8154-E72F051689DE}.Release|Any CPU.Build.0 = Release|Any CPU
	EndGlobalSection
	GlobalSection(SolutionProperties) = preSolution
		HideSolutionNode = FALSE
	EndGlobalSection
	GlobalSection(NestedProjects) = preSolution
		{704C035A-DAE8-4BC1-B230-70EDA697235F} = {B8C69571-E270-4483-B94F-94525049A478}
		{C0D2C569-8B22-45E8-B9E6-FEB5483811EC} = {704C035A-DAE8-4BC1-B230-70EDA697235F}
		{E929DE8F-6BA2-44BF-9DEB-7E2CC4723023} = {DBDAE9D1-93F5-48A9-81EF-D6F080A3D52D}
		{6E08FC6A-30EC-4FB0-AD9A-9A536273E5D2} = {A2F7CD26-68F5-4191-8994-04AA530E42E3}
		{9E6C4093-5916-49AE-A4F2-2D6BC6068876} = {B8C69571-E270-4483-B94F-94525049A478}
		{978DC34E-B281-4442-8E75-833F93A55807} = {9E6C4093-5916-49AE-A4F2-2D6BC6068876}
		{83E762A5-00D1-4000-8F57-0DE59392D733} = {B8C69571-E270-4483-B94F-94525049A478}
		{07CDF624-C64A-4847-AD65-45066FD958E4} = {83E762A5-00D1-4000-8F57-0DE59392D733}
		{E58557A8-EE37-4684-9EF3-A6DD857A0CD6} = {B8C69571-E270-4483-B94F-94525049A478}
		{44DA5D6E-230E-4480-B862-0D6DAA9AD10C} = {E58557A8-EE37-4684-9EF3-A6DD857A0CD6}
		{058E723A-7AA5-429E-9A21-CF9E3135FCE8} = {B8C69571-E270-4483-B94F-94525049A478}
		{85366FFC-5D37-43DA-ADB2-B3063F954486} = {058E723A-7AA5-429E-9A21-CF9E3135FCE8}
		{7F6A63FC-F8C3-43EE-92F3-702F44BE0B56} = {058E723A-7AA5-429E-9A21-CF9E3135FCE8}
		{773B89C6-8AC3-47F2-B56E-42DF6D13C78D} = {058E723A-7AA5-429E-9A21-CF9E3135FCE8}
		{C43FAD57-8248-45F1-975F-6A8C59ED423F} = {058E723A-7AA5-429E-9A21-CF9E3135FCE8}
		{B2086093-ACDA-4D7C-9B15-7BAE34152A25} = {058E723A-7AA5-429E-9A21-CF9E3135FCE8}
		{348604D6-94B9-4CDB-AA61-C632DBD724AE} = {B8C69571-E270-4483-B94F-94525049A478}
		{3A46BE29-1148-4542-A86F-8DB427CF9F80} = {348604D6-94B9-4CDB-AA61-C632DBD724AE}
		{250E5D96-4E89-43BE-BA4F-D162F8364A2B} = {8B08760B-9759-4F24-A3B6-D09C69EF16E8}
		{F1BE3EE7-3DD7-446F-8154-E72F051689DE} = {FAF82510-6D21-4B9E-A770-97516CB8DD9B}
	EndGlobalSection
	GlobalSection(ExtensibilityGlobals) = postSolution
		SolutionGuid = {4C4A1ABC-E17E-400F-AECB-811BECDBD0A7}
	EndGlobalSection
EndGlobal
